
Microsoft Visual Studio Solution File, Format Version 12.00
# Visual Studio Version 17
VisualStudioVersion = 17.14.36804.6 d17.14
MinimumVisualStudioVersion = 10.0.40219.1
Project("{FAE04EC0-301F-11D3-BF4B-00C04F79EFBC}") = "ScholarshipManagementAPI", "ScholarshipManagementAPI\ScholarshipManagementAPI.csproj", "{FB0BF783-57B4-43E7-A24E-A0225FF97322}"
EndProject
Global
	GlobalSection(SolutionConfigurationPlatforms) = preSolution
		Debug|Any CPU = Debug|Any CPU
		Release|Any CPU = Release|Any CPU
	EndGlobalSection
	GlobalSection(ProjectConfigurationPlatforms) = postSolution
		{FB0BF783-57B4-43E7-A24E-A0225FF97322}.Debug|Any CPU.ActiveCfg = Debug|Any CPU
		{FB0BF783-57B4-43E7-A24E-A0225FF97322}.Debug|Any CPU.Build.0 = Debug|Any CPU
		{FB0BF783-57B4-43E7-A24E-A0225FF97322}.Release|Any CPU.ActiveCfg = Release|Any CPU
		{FB0BF783-57B4-43E7-A24E-A0225FF97322}.Release|Any CPU.Build.0 = Release|Any CPU
	EndGlobalSection
	GlobalSection(SolutionProperties) = preSolution
		HideSolutionNode = FALSE
	EndGlobalSection
	GlobalSection(ExtensibilityGlobals) = postSolution
		SolutionGuid = {7917EA95-5E17-454C-AB9B-E40E5D38F709}
	EndGlobalSection
EndGlobal
